<Solution>
  <Project Path="HelpDesk.Application/HelpDesk.Application.csproj" />
  <Project Path="HelpDesk.Domain/HelpDesk.Domain.csproj" />
  <Project Path="HelpDesk.Infrastructure/HelpDesk.Infrastructure.csproj" />
  <Project Path="HelpDesk.Tests/HelpDesk.Tests.csproj" />
  <Project Path="HelpDesk/HelpDesk.csproj" />
</Solution>
